
Microsoft Visual Studio Solution File, Format Version 12.00
# Visual Studio Version 17
VisualStudioVersion = 17.0.31611.283
MinimumVisualStudioVersion = 10.0.40219.1
Project("{9A19103F-16F7-4668-BE54-9A1E7A4F7556}") = "FruitBazzar1", "FruitBazzar1\FruitBazzar1.csproj", "{771A54F8-3E79-42A2-BCFF-D3F48821D1B3}"
EndProject
Project("{00D1A9C2-B5F0-4AF3-8072-F6C62B433612}") = "FruitBazzar.database", "FruitBazzar.database\FruitBazzar.database.sqlproj", "{09D93C85-4690-49A0-8130-43DC99E5D043}"
EndProject
Project("{9A19103F-16F7-4668-BE54-9A1E7A4F7556}") = "FruitBazzar1.Api", "FruitBazzar1.Api\FruitBazzar1.Api.csproj", "{D18A3C02-9611-4EFE-937E-63C8A9A7CEE4}"
EndProject
Project("{FAE04EC0-301F-11D3-BF4B-00C04F79EFBC}") = "FruitBazzar1.AdminPanel", "FruitBazzar1.AdminPanel\FruitBazzar1.AdminPanel.csproj", "{8FB9E68C-BE86-49D9-879A-4322E5B137CA}"
EndProject
Global
	GlobalSection(SolutionConfigurationPlatforms) = preSolution
		Debug|Any CPU = Debug|Any CPU
		Release|Any CPU = Release|Any CPU
	EndGlobalSection
	GlobalSection(ProjectConfigurationPlatforms) = postSolution
		{771A54F8-3E79-42A2-BCFF-D3F48821D1B3}.Debug|Any CPU.ActiveCfg = Debug|Any CPU
		{771A54F8-3E79-42A2-BCFF-D3F48821D1B3}.Debug|Any CPU.Build.0 = Debug|Any CPU
		{771A54F8-3E79-42A2-BCFF-D3F48821D1B3}.Debug|Any CPU.Deploy.0 = Debug|Any CPU
		{771A54F8-3E79-42A2-BCFF-D3F48821D1B3}.Release|Any CPU.ActiveCfg = Release|Any CPU
		{771A54F8-3E79-42A2-BCFF-D3F48821D1B3}.Release|Any CPU.Build.0 = Release|Any CPU
		{771A54F8-3E79-42A2-BCFF-D3F48821D1B3}.Release|Any CPU.Deploy.0 = Release|Any CPU
		{09D93C85-4690-49A0-8130-43DC99E5D043}.Debug|Any CPU.ActiveCfg = Debug|Any CPU
		{09D93C85-4690-49A0-8130-43DC99E5D043}.Debug|Any CPU.Build.0 = Debug|Any CPU
		{09D93C85-4690-49A0-8130-43DC99E5D043}.Debug|Any CPU.Deploy.0 = Debug|Any CPU
		{09D93C85-4690-49A0-8130-43DC99E5D043}.Release|Any CPU.ActiveCfg = Release|Any CPU
		{09D93C85-4690-49A0-8130-43DC99E5D043}.Release|Any CPU.Build.0 = Release|Any CPU
		{09D93C85-4690-49A0-8130-43DC99E5D043}.Release|Any CPU.Deploy.0 = Release|Any CPU
		{D18A3C02-9611-4EFE-937E-63C8A9A7CEE4}.Debug|Any CPU.ActiveCfg = Debug|Any CPU
		{D18A3C02-9611-4EFE-937E-63C8A9A7CEE4}.Debug|Any CPU.Build.0 = Debug|Any CPU
		{D18A3C02-9611-4EFE-937E-63C8A9A7CEE4}.Release|Any CPU.ActiveCfg = Release|Any CPU
		{D18A3C02-9611-4EFE-937E-63C8A9A7CEE4}.Release|Any CPU.Build.0 = Release|Any CPU
		{8FB9E68C-BE86-49D9-879A-4322E5B137CA}.Debug|Any CPU.ActiveCfg = Debug|Any CPU
		{8FB9E68C-BE86-49D9-879A-4322E5B137CA}.Debug|Any CPU.Build.0 = Debug|Any CPU
		{8FB9E68C-BE86-49D9-879A-4322E5B137CA}.Release|Any CPU.ActiveCfg = Release|Any CPU
		{8FB9E68C-BE86-49D9-879A-4322E5B137CA}.Release|Any CPU.Build.0 = Release|Any CPU
	EndGlobalSection
	GlobalSection(SolutionProperties) = preSolution
		HideSolutionNode = FALSE
	EndGlobalSection
	GlobalSection(ExtensibilityGlobals) = postSolution
		SolutionGuid = {61F7FB11-1E47-470C-91E2-47F8143E1572}
	EndGlobalSection
EndGlobal
